{
  "name": "chat-app",
  "version": "0.1.0",
  "lockfileVersion": 1,
  "requires": true,
  "dependencies": {
    "@pusher/chatkit": {
      "version": "0.7.16",
      "resolved": "https://registry.npmjs.org/@pusher/chatkit/-/chatkit-0.7.16.tgz",
      "integrity": "sha512-n8PP41iF25C0Mh/kDJGUJeAZ2rVdHFLeBSlOSW/N5I8f2b4VtqUJA5Tmni3UZTtlBfrWnpkoKzT9XFsE3NM0nw==",
      "requires": {
        "pusher-platform": "0.15.1",
        "ramda": "0.25.0"
      }
    },
    "pusher-platform": {
      "version": "0.15.1",
      "resolved": "https://registry.npmjs.org/pusher-platform/-/pusher-platform-0.15.1.tgz",
      "integrity": "sha512-6nBl32QylrDshM5IFD8sXeJtJ0dv2GOp5S0uK/A+AKWV2G9wDu0dAac5wbQgD0kcdrk0/pNjH/Fn+iblJ0ekNw=="
    },
    "ramda": {
      "version": "0.25.0",
      "resolved": "https://registry.npmjs.org/ramda/-/ramda-0.25.0.tgz",
      "integrity": "sha512-GXpfrYVPwx3K7RQ6aYT8KPS8XViSXUVJT1ONhoKPE9VAleW42YE+U+8VEyGWt41EnEQW7gwecYJriTI0pKoecQ=="
    }
  }
}
